
Microsoft Visual Studio Solution File, Format Version 12.00
# Visual Studio Version 17
VisualStudioVersion = 17.4.33205.214
MinimumVisualStudioVersion = 10.0.40219.1
Project("{2150E333-8FDC-42A3-9474-1A3956D46DE8}") = "BookingService", "BookingService", "{4D3B1A47-827F-433D-A1A3-2B6CBBAF1591}"
EndProject
Project("{2150E333-8FDC-42A3-9474-1A3956D46DE8}") = "PaymentService", "PaymentService", "{458B6086-41FC-4542-A0DC-8F3E7D0C1235}"
EndProject
Project("{2150E333-8FDC-42A3-9474-1A3956D46DE8}") = "Core", "Core", "{B2D1801F-9773-40ED-9EAA-CC8EAA7F4BD8}"
EndProject
Project("{2150E333-8FDC-42A3-9474-1A3956D46DE8}") = "Domain", "Domain", "{4A88093D-30D8-4E90-A79C-AC6F20FD7566}"
EndProject
Project("{2150E333-8FDC-42A3-9474-1A3956D46DE8}") = "Application", "Application", "{18823D6C-50F7-4918-AE17-1A5CE2273EF0}"
EndProject
Project("{2150E333-8FDC-42A3-9474-1A3956D46DE8}") = "Adapters", "Adapters", "{226701D7-DA20-4DA6-91E4-A591823C7291}"
EndProject
Project("{2150E333-8FDC-42A3-9474-1A3956D46DE8}") = "Consumers", "Consumers", "{0ACE4F14-B0DB-46DE-BB07-52E7328C5A1F}"
EndProject
Project("{2150E333-8FDC-42A3-9474-1A3956D46DE8}") = "Tests", "Tests", "{B74412BC-0BE3-49E7-8751-766DFCF7604A}"
EndProject
Project("{9A19103F-16F7-4668-BE54-9A1E7A4F7556}") = "Domain", "BookingService\Core\Domain\Domain.csproj", "{1B09695F-318D-4818-A4C9-7A5BBFB8E529}"
EndProject
Project("{9A19103F-16F7-4668-BE54-9A1E7A4F7556}") = "Application", "BookingService\Core\Application\Application.csproj", "{F0D603AF-7625-473F-9930-D429F571C23E}"
EndProject
Project("{9A19103F-16F7-4668-BE54-9A1E7A4F7556}") = "Data", "BookingService\Adapters\Data\Data.csproj", "{94D0F5B0-4288-4721-A8A3-69443AA1442E}"
EndProject
Project("{9A19103F-16F7-4668-BE54-9A1E7A4F7556}") = "API", "BookingService\Consumers\API\API.csproj", "{51CA46E0-C039-4418-9F4B-EDE84F773B1D}"
EndProject
Project("{2150E333-8FDC-42A3-9474-1A3956D46DE8}") = "Adapters", "Adapters", "{DEE5F237-3260-48F5-B5C6-A8BEB84A4AAE}"
EndProject
Project("{2150E333-8FDC-42A3-9474-1A3956D46DE8}") = "Domain", "Domain", "{F2308339-4878-4B3A-9BD3-057DD5166ADB}"
EndProject
Project("{2150E333-8FDC-42A3-9474-1A3956D46DE8}") = "Application", "Application", "{6BCAA7AC-2568-40F6-BABF-FDADA9DF4EB9}"
EndProject
Project("{9A19103F-16F7-4668-BE54-9A1E7A4F7556}") = "AdaptersTests", "BookingService\Tests\Adapters\AdaptersTests\AdaptersTests.csproj", "{31AA7375-D6C3-4BDD-8440-4AC708BBC159}"
EndProject
Project("{9A19103F-16F7-4668-BE54-9A1E7A4F7556}") = "ApplicationTests", "BookingService\Tests\Application\ApplicationTests\ApplicationTests.csproj", "{9FDCF970-725E-4921-97C7-6FF105982959}"
EndProject
Project("{9A19103F-16F7-4668-BE54-9A1E7A4F7556}") = "DomainTests", "BookingService\Tests\Domain\DomainTests\DomainTests.csproj", "{42CA7C9F-E7FC-402D-B5F5-059F447D796C}"
EndProject
Project("{2150E333-8FDC-42A3-9474-1A3956D46DE8}") = "Core", "Core", "{492EEE4B-0A3B-40F4-A4BA-9CE7CBC6EA7C}"
EndProject
Project("{2150E333-8FDC-42A3-9474-1A3956D46DE8}") = "Application", "Application", "{37E1B433-0DCE-4FA2-A06F-B5DCBBED7757}"
EndProject
Project("{FAE04EC0-301F-11D3-BF4B-00C04F79EFBC}") = "Payments.Application", "PaymentService\Core\Application\Application\Payments.Application.csproj", "{16349D64-F6E6-4C02-8A58-A1907F9B03B3}"
EndProject
Project("{2150E333-8FDC-42A3-9474-1A3956D46DE8}") = "Domain", "Domain", "{C60B89EC-674C-4818-B74F-3A0BCA22FF38}"
EndProject
Project("{FAE04EC0-301F-11D3-BF4B-00C04F79EFBC}") = "Payment.Unit", "PaymentService\Payment.Unit\Payment.Unit.csproj", "{A6FD3453-E99C-447E-BB38-0FF8DB9F6E68}"
EndProject
Global
	GlobalSection(SolutionConfigurationPlatforms) = preSolution
		Debug|Any CPU = Debug|Any CPU
		Release|Any CPU = Release|Any CPU
	EndGlobalSection
	GlobalSection(ProjectConfigurationPlatforms) = postSolution
		{1B09695F-318D-4818-A4C9-7A5BBFB8E529}.Debug|Any CPU.ActiveCfg = Debug|Any CPU
		{1B09695F-318D-4818-A4C9-7A5BBFB8E529}.Debug|Any CPU.Build.0 = Debug|Any CPU
		{1B09695F-318D-4818-A4C9-7A5BBFB8E529}.Release|Any CPU.ActiveCfg = Release|Any CPU
		{1B09695F-318D-4818-A4C9-7A5BBFB8E529}.Release|Any CPU.Build.0 = Release|Any CPU
		{F0D603AF-7625-473F-9930-D429F571C23E}.Debug|Any CPU.ActiveCfg = Debug|Any CPU
		{F0D603AF-7625-473F-9930-D429F571C23E}.Debug|Any CPU.Build.0 = Debug|Any CPU
		{F0D603AF-7625-473F-9930-D429F571C23E}.Release|Any CPU.ActiveCfg = Release|Any CPU
		{F0D603AF-7625-473F-9930-D429F571C23E}.Release|Any CPU.Build.0 = Release|Any CPU
		{94D0F5B0-4288-4721-A8A3-69443AA1442E}.Debug|Any CPU.ActiveCfg = Debug|Any CPU
		{94D0F5B0-4288-4721-A8A3-69443AA1442E}.Debug|Any CPU.Build.0 = Debug|Any CPU
		{94D0F5B0-4288-4721-A8A3-69443AA1442E}.Release|Any CPU.ActiveCfg = Release|Any CPU
		{94D0F5B0-4288-4721-A8A3-69443AA1442E}.Release|Any CPU.Build.0 = Release|Any CPU
		{51CA46E0-C039-4418-9F4B-EDE84F773B1D}.Debug|Any CPU.ActiveCfg = Debug|Any CPU
		{51CA46E0-C039-4418-9F4B-EDE84F773B1D}.Debug|Any CPU.Build.0 = Debug|Any CPU
		{51CA46E0-C039-4418-9F4B-EDE84F773B1D}.Release|Any CPU.ActiveCfg = Release|Any CPU
		{51CA46E0-C039-4418-9F4B-EDE84F773B1D}.Release|Any CPU.Build.0 = Release|Any CPU
		{31AA7375-D6C3-4BDD-8440-4AC708BBC159}.Debug|Any CPU.ActiveCfg = Debug|Any CPU
		{31AA7375-D6C3-4BDD-8440-4AC708BBC159}.Debug|Any CPU.Build.0 = Debug|Any CPU
		{31AA7375-D6C3-4BDD-8440-4AC708BBC159}.Release|Any CPU.ActiveCfg = Release|Any CPU
		{31AA7375-D6C3-4BDD-8440-4AC708BBC159}.Release|Any CPU.Build.0 = Release|Any CPU
		{9FDCF970-725E-4921-97C7-6FF105982959}.Debug|Any CPU.ActiveCfg = Debug|Any CPU
		{9FDCF970-725E-4921-97C7-6FF105982959}.Debug|Any CPU.Build.0 = Debug|Any CPU
		{9FDCF970-725E-4921-97C7-6FF105982959}.Release|Any CPU.ActiveCfg = Release|Any CPU
		{9FDCF970-725E-4921-97C7-6FF105982959}.Release|Any CPU.Build.0 = Release|Any CPU
		{42CA7C9F-E7FC-402D-B5F5-059F447D796C}.Debug|Any CPU.ActiveCfg = Debug|Any CPU
		{42CA7C9F-E7FC-402D-B5F5-059F447D796C}.Debug|Any CPU.Build.0 = Debug|Any CPU
		{42CA7C9F-E7FC-402D-B5F5-059F447D796C}.Release|Any CPU.ActiveCfg = Release|Any CPU
		{42CA7C9F-E7FC-402D-B5F5-059F447D796C}.Release|Any CPU.Build.0 = Release|Any CPU
		{16349D64-F6E6-4C02-8A58-A1907F9B03B3}.Debug|Any CPU.ActiveCfg = Debug|Any CPU
		{16349D64-F6E6-4C02-8A58-A1907F9B03B3}.Debug|Any CPU.Build.0 = Debug|Any CPU
		{16349D64-F6E6-4C02-8A58-A1907F9B03B3}.Release|Any CPU.ActiveCfg = Release|Any CPU
		{16349D64-F6E6-4C02-8A58-A1907F9B03B3}.Release|Any CPU.Build.0 = Release|Any CPU
		{A6FD3453-E99C-447E-BB38-0FF8DB9F6E68}.Debug|Any CPU.ActiveCfg = Debug|Any CPU
		{A6FD3453-E99C-447E-BB38-0FF8DB9F6E68}.Debug|Any CPU.Build.0 = Debug|Any CPU
		{A6FD3453-E99C-447E-BB38-0FF8DB9F6E68}.Release|Any CPU.ActiveCfg = Release|Any CPU
		{A6FD3453-E99C-447E-BB38-0FF8DB9F6E68}.Release|Any CPU.Build.0 = Release|Any CPU
	EndGlobalSection
	GlobalSection(SolutionProperties) = preSolution
		HideSolutionNode = FALSE
	EndGlobalSection
	GlobalSection(NestedProjects) = preSolution
		{B2D1801F-9773-40ED-9EAA-CC8EAA7F4BD8} = {4D3B1A47-827F-433D-A1A3-2B6CBBAF1591}
		{4A88093D-30D8-4E90-A79C-AC6F20FD7566} = {B2D1801F-9773-40ED-9EAA-CC8EAA7F4BD8}
		{18823D6C-50F7-4918-AE17-1A5CE2273EF0} = {B2D1801F-9773-40ED-9EAA-CC8EAA7F4BD8}
		{226701D7-DA20-4DA6-91E4-A591823C7291} = {4D3B1A47-827F-433D-A1A3-2B6CBBAF1591}
		{0ACE4F14-B0DB-46DE-BB07-52E7328C5A1F} = {4D3B1A47-827F-433D-A1A3-2B6CBBAF1591}
		{B74412BC-0BE3-49E7-8751-766DFCF7604A} = {4D3B1A47-827F-433D-A1A3-2B6CBBAF1591}
		{1B09695F-318D-4818-A4C9-7A5BBFB8E529} = {4A88093D-30D8-4E90-A79C-AC6F20FD7566}
		{F0D603AF-7625-473F-9930-D429F571C23E} = {18823D6C-50F7-4918-AE17-1A5CE2273EF0}
		{94D0F5B0-4288-4721-A8A3-69443AA1442E} = {226701D7-DA20-4DA6-91E4-A591823C7291}
		{51CA46E0-C039-4418-9F4B-EDE84F773B1D} = {0ACE4F14-B0DB-46DE-BB07-52E7328C5A1F}
		{DEE5F237-3260-48F5-B5C6-A8BEB84A4AAE} = {B74412BC-0BE3-49E7-8751-766DFCF7604A}
		{F2308339-4878-4B3A-9BD3-057DD5166ADB} = {B74412BC-0BE3-49E7-8751-766DFCF7604A}
		{6BCAA7AC-2568-40F6-BABF-FDADA9DF4EB9} = {B74412BC-0BE3-49E7-8751-766DFCF7604A}
		{31AA7375-D6C3-4BDD-8440-4AC708BBC159} = {DEE5F237-3260-48F5-B5C6-A8BEB84A4AAE}
		{9FDCF970-725E-4921-97C7-6FF105982959} = {6BCAA7AC-2568-40F6-BABF-FDADA9DF4EB9}
		{42CA7C9F-E7FC-402D-B5F5-059F447D796C} = {F2308339-4878-4B3A-9BD3-057DD5166ADB}
		{492EEE4B-0A3B-40F4-A4BA-9CE7CBC6EA7C} = {458B6086-41FC-4542-A0DC-8F3E7D0C1235}
		{37E1B433-0DCE-4FA2-A06F-B5DCBBED7757} = {492EEE4B-0A3B-40F4-A4BA-9CE7CBC6EA7C}
		{16349D64-F6E6-4C02-8A58-A1907F9B03B3} = {37E1B433-0DCE-4FA2-A06F-B5DCBBED7757}
		{C60B89EC-674C-4818-B74F-3A0BCA22FF38} = {492EEE4B-0A3B-40F4-A4BA-9CE7CBC6EA7C}
		{A6FD3453-E99C-447E-BB38-0FF8DB9F6E68} = {492EEE4B-0A3B-40F4-A4BA-9CE7CBC6EA7C}
	EndGlobalSection
	GlobalSection(ExtensibilityGlobals) = postSolution
		SolutionGuid = {78EEE04A-A6DF-4C4A-8467-D91052344176}
	EndGlobalSection
EndGlobal
